// !$*UTF8*$!
{
	archiveVersion = 1;
	classes = {
	};
	objectVersion = 56;
	objects = {

/* Begin PBXBuildFile section */
		21E63A602EC6FFC9003CB77C /* AppDelegate.swift in Sources */ = {isa = PBXBuildFile; fileRef = 21E63A5F2EC6FFC9003CB77C /* AppDelegate.swift */; };
		21E63A622EC6FFC9003CB77C /* SceneDelegate.swift in Sources */ = {isa = PBXBuildFile; fileRef = 21E63A612EC6FFC9003CB77C /* SceneDelegate.swift */; };
		21E63A642EC6FFC9003CB77C /* ViewController.swift in Sources */ = {isa = PBXBuildFile; fileRef = 21E63A632EC6FFC9003CB77C /* ViewController.swift */; };
		21E63A672EC6FFC9003CB77C /* Base in Resources */ = {isa = PBXBuildFile; fileRef = 21E63A662EC6FFC9003CB77C /* Base */; };
		21E63A692EC6FFCB003CB77C /* Assets.xcassets in Resources */ = {isa = PBXBuildFile; fileRef = 21E63A682EC6FFCB003CB77C /* Assets.xcassets */; };
		21E63A6C2EC6FFCB003CB77C /* Base in Resources */ = {isa = PBXBuildFile; fileRef = 21E63A6B2EC6FFCB003CB77C /* Base */; };
		21E63A772EC6FFCB003CB77C /* FavoriteItems_Tests.swift in Sources */ = {isa = PBXBuildFile; fileRef = 21E63A762EC6FFCB003CB77C /* FavoriteItems_Tests.swift */; };
		21E63A812EC6FFCB003CB77C /* FavoriteItems_UITests.swift in Sources */ = {isa = PBXBuildFile; fileRef = 21E63A802EC6FFCB003CB77C /* FavoriteItems_UITests.swift */; };
		21E63A832EC6FFCB003CB77C /* FavoriteItems_UITestsLaunchTests.swift in Sources */ = {isa = PBXBuildFile; fileRef = 21E63A822EC6FFCB003CB77C /* FavoriteItems_UITestsLaunchTests.swift */; };
		21E63A902EC6FFFC003CB77C /* MediaTableViewCell.swift in Sources */ = {isa = PBXBuildFile; fileRef = 21E63A8F2EC6FFFC003CB77C /* MediaTableViewCell.swift */; };
/* End PBXBuildFile section */

/* Begin PBXContainerItemProxy section */
		21E63A732EC6FFCB003CB77C /* PBXContainerItemProxy */ = {
			isa = PBXContainerItemProxy;
			containerPortal = 21E63A542EC6FFC9003CB77C /* Project object */;
			proxyType = 1;
			remoteGlobalIDString = 21E63A5B2EC6FFC9003CB77C;
			remoteInfo = FavoriteItems_;
		};
		21E63A7D2EC6FFCB003CB77C /* PBXContainerItemProxy */ = {
			isa = PBXContainerItemProxy;
			containerPortal = 21E63A542EC6FFC9003CB77C /* Project object */;
			proxyType = 1;
			remoteGlobalIDString = 21E63A5B2EC6FFC9003CB77C;
			remoteInfo = FavoriteItems_;
		};
/* End PBXContainerItemProxy section */

/* Begin PBXFileReference section */
		21E63A5C2EC6FFC9003CB77C /* FavoriteItems_.app */ = {isa = PBXFileReference; explicitFileType = wrapper.application; includeInIndex = 0; path = FavoriteItems_.app; sourceTree = BUILT_PRODUCTS_DIR; };
		21E63A5F2EC6FFC9003CB77C /* AppDelegate.swift */ = {isa = PBXFileReference; lastKnownFileType = sourcecode.swift; path = AppDelegate.swift; sourceTree = "<group>"; };
		21E63A612EC6FFC9003CB77C /* SceneDelegate.swift */ = {isa = PBXFileReference; lastKnownFileType = sourcecode.swift; path = SceneDelegate.swift; sourceTree = "<group>"; };
		21E63A632EC6FFC9003CB77C /* ViewController.swift */ = {isa = PBXFileReference; lastKnownFileType = sourcecode.swift; path = ViewController.swift; sourceTree = "<group>"; };
		21E63A662EC6FFC9003CB77C /* Base */ = {isa = PBXFileReference; lastKnownFileType = file.storyboard; name = Base; path = Base.lproj/Main.storyboard; sourceTree = "<group>"; };
		21E63A682EC6FFCB003CB77C /* Assets.xcassets */ = {isa = PBXFileReference; lastKnownFileType = folder.assetcatalog; path = Assets.xcassets; sourceTree = "<group>"; };
		21E63A6B2EC6FFCB003CB77C /* Base */ = {isa = PBXFileReference; lastKnownFileType = file.storyboard; name = Base; path = Base.lproj/LaunchScreen.storyboard; sourceTree = "<group>"; };
		21E63A6D2EC6FFCB003CB77C /* Info.plist */ = {isa = PBXFileReference; lastKnownFileType = text.plist.xml; path = Info.plist; sourceTree = "<group>"; };
		21E63A722EC6FFCB003CB77C /* FavoriteItems_Tests.xctest */ = {isa = PBXFileReference; explicitFileType = wrapper.cfbundle; includeInIndex = 0; path = FavoriteItems_Tests.xctest; sourceTree = BUILT_PRODUCTS_DIR; };
		21E63A762EC6FFCB003CB77C /* FavoriteItems_Tests.swift */ = {isa = PBXFileReference; lastKnownFileType = sourcecode.swift; path = FavoriteItems_Tests.swift; sourceTree = "<group>"; };
		21E63A7C2EC6FFCB003CB77C /* FavoriteItems_UITests.xctest */ = {isa = PBXFileReference; explicitFileType = wrapper.cfbundle; includeInIndex = 0; path = FavoriteItems_UITests.xctest; sourceTree = BUILT_PRODUCTS_DIR; };
		21E63A802EC6FFCB003CB77C /* FavoriteItems_UITests.swift */ = {isa = PBXFileReference; lastKnownFileType = sourcecode.swift; path = FavoriteItems_UITests.swift; sourceTree = "<group>"; };
		21E63A822EC6FFCB003CB77C /* FavoriteItems_UITestsLaunchTests.swift */ = {isa = PBXFileReference; lastKnownFileType = sourcecode.swift; path = FavoriteItems_UITestsLaunchTests.swift; sourceTree = "<group>"; };
		21E63A8F2EC6FFFC003CB77C /* MediaTableViewCell.swift */ = {isa = PBXFileReference; lastKnownFileType = sourcecode.swift; path = MediaTableViewCell.swift; sourceTree = "<group>"; };
/* End PBXFileReference section */

/* Begin PBXFrameworksBuildPhase section */
		21E63A592EC6FFC9003CB77C /* Frameworks */ = {
			isa = PBXFrameworksBuildPhase;
			buildActionMask = 2147483647;
			files = (
			);
			runOnlyForDeploymentPostprocessing = 0;
		};
		21E63A6F2EC6FFCB003CB77C /* Frameworks */ = {
			isa = PBXFrameworksBuildPhase;
			buildActionMask = 2147483647;
			files = (
			);
			runOnlyForDeploymentPostprocessing = 0;
		};
		21E63A792EC6FFCB003CB77C /* Frameworks */ = {
			isa = PBXFrameworksBuildPhase;
			buildActionMask = 2147483647;
			files = (
			);
			runOnlyForDeploymentPostprocessing = 0;
		};
/* End PBXFrameworksBuildPhase section */

/* Begin PBXGroup section */
		21E63A532EC6FFC9003CB77C = {
			isa = PBXGroup;
			children = (
				21E63A5E2EC6FFC9003CB77C /* FavoriteItems_ */,
				21E63A752EC6FFCB003CB77C /* FavoriteItems_Tests */,
				21E63A7F2EC6FFCB003CB77C /* FavoriteItems_UITests */,
				21E63A5D2EC6FFC9003CB77C /* Products */,
			);
			sourceTree = "<group>";
		};
		21E63A5D2EC6FFC9003CB77C /* Products */ = {
			isa = PBXGroup;
			children = (
				21E63A5C2EC6FFC9003CB77C /* FavoriteItems_.app */,
				21E63A722EC6FFCB003CB77C /* FavoriteItems_Tests.xctest */,
				21E63A7C2EC6FFCB003CB77C /* FavoriteItems_UITests.xctest */,
			);
			name = Products;
			sourceTree = "<group>";
		};
		21E63A5E2EC6FFC9003CB77C /* FavoriteItems_ */ = {
			isa = PBXGroup;
			children = (
				21E63A5F2EC6FFC9003CB77C /* AppDelegate.swift */,
				21E63A612EC6FFC9003CB77C /* SceneDelegate.swift */,
				21E63A632EC6FFC9003CB77C /* ViewController.swift */,
				21E63A652EC6FFC9003CB77C /* Main.storyboard */,
				21E63A682EC6FFCB003CB77C /* Assets.xcassets */,
				21E63A6A2EC6FFCB003CB77C /* LaunchScreen.storyboard */,
				21E63A6D2EC6FFCB003CB77C /* Info.plist */,
				21E63A8F2EC6FFFC003CB77C /* MediaTableViewCell.swift */,
			);
			path = FavoriteItems_;
			sourceTree = "<group>";
		};
		21E63A752EC6FFCB003CB77C /* FavoriteItems_Tests */ = {
			isa = PBXGroup;
			children = (
				21E63A762EC6FFCB003CB77C /* FavoriteItems_Tests.swift */,
			);
			path = FavoriteItems_Tests;
			sourceTree = "<group>";
		};
		21E63A7F2EC6FFCB003CB77C /* FavoriteItems_UITests */ = {
			isa = PBXGroup;
			children = (
				21E63A802EC6FFCB003CB77C /* FavoriteItems_UITests.swift */,
				21E63A822EC6FFCB003CB77C /* FavoriteItems_UITestsLaunchTests.swift */,
			);
			path = FavoriteItems_UITests;
			sourceTree = "<group>";
		};
/* End PBXGroup section */

/* Begin PBXNativeTarget section */
		21E63A5B2EC6FFC9003CB77C /* FavoriteItems_ */ = {
			isa = PBXNativeTarget;
			buildConfigurationList = 21E63A862EC6FFCB003CB77C /* Build configuration list for PBXNativeTarget "FavoriteItems_" */;
			buildPhases = (
				21E63A582EC6FFC9003CB77C /* Sources */,
				21E63A592EC6FFC9003CB77C /* Frameworks */,
				21E63A5A2EC6FFC9003CB77C /* Resources */,
			);
			buildRules = (
			);
			dependencies = (
			);
			name = FavoriteItems_;
			productName = FavoriteItems_;
			productReference = 21E63A5C2EC6FFC9003CB77C /* FavoriteItems_.app */;
			productType = "com.apple.product-type.application";
		};
		21E63A712EC6FFCB003CB77C /* FavoriteItems_Tests */ = {
			isa = PBXNativeTarget;
			buildConfigurationList = 21E63A892EC6FFCB003CB77C /* Build configuration list for PBXNativeTarget "FavoriteItems_Tests" */;
			buildPhases = (
				21E63A6E2EC6FFCB003CB77C /* Sources */,
				21E63A6F2EC6FFCB003CB77C /* Frameworks */,
				21E63A702EC6FFCB003CB77C /* Resources */,
			);
			buildRules = (
			);
			dependencies = (
				21E63A742EC6FFCB003CB77C /* PBXTargetDependency */,
			);
			name = FavoriteItems_Tests;
			productName = FavoriteItems_Tests;
			productReference = 21E63A722EC6FFCB003CB77C /* FavoriteItems_Tests.xctest */;
			productType = "com.apple.product-type.bundle.unit-test";
		};
		21E63A7B2EC6FFCB003CB77C /* FavoriteItems_UITests */ = {
			isa = PBXNativeTarget;
			buildConfigurationList = 21E63A8C2EC6FFCB003CB77C /* Build configuration list for PBXNativeTarget "FavoriteItems_UITests" */;
			buildPhases = (
				21E63A782EC6FFCB003CB77C /* Sources */,
				21E63A792EC6FFCB003CB77C /* Frameworks */,
				21E63A7A2EC6FFCB003CB77C /* Resources */,
			);
			buildRules = (
			);
			dependencies = (
				21E63A7E2EC6FFCB003CB77C /* PBXTargetDependency */,
			);
			name = FavoriteItems_UITests;
			productName = FavoriteItems_UITests;
			productReference = 21E63A7C2EC6FFCB003CB77C /* FavoriteItems_UITests.xctest */;
			productType = "com.apple.product-type.bundle.ui-testing";
		};
/* End PBXNativeTarget section */

/* Begin PBXProject section */
		21E63A542EC6FFC9003CB77C /* Project object */ = {
			isa = PBXProject;
			attributes = {
				BuildIndependentTargetsInParallel = 1;
				LastSwiftUpdateCheck = 1540;
				LastUpgradeCheck = 1540;
				TargetAttributes = {
					21E63A5B2EC6FFC9003CB77C = {
						CreatedOnToolsVersion = 15.4;
					};
					21E63A712EC6FFCB003CB77C = {
						CreatedOnToolsVersion = 15.4;
						TestTargetID = 21E63A5B2EC6FFC9003CB77C;
					};
					21E63A7B2EC6FFCB003CB77C = {
						CreatedOnToolsVersion = 15.4;
						TestTargetID = 21E63A5B2EC6FFC9003CB77C;
					};
				};
			};
			buildConfigurationList = 21E63A572EC6FFC9003CB77C /* Build configuration list for PBXProject "FavoriteItems_" */;
			compatibilityVersion = "Xcode 14.0";
			developmentRegion = en;
			hasScannedForEncodings = 0;
			knownRegions = (
				en,
				Base,
			);
			mainGroup = 21E63A532EC6FFC9003CB77C;
			productRefGroup = 21E63A5D2EC6FFC9003CB77C /* Products */;
			projectDirPath = "";
			projectRoot = "";
			targets = (
				21E63A5B2EC6FFC9003CB77C /* FavoriteItems_ */,
				21E63A712EC6FFCB003CB77C /* FavoriteItems_Tests */,
				21E63A7B2EC6FFCB003CB77C /* FavoriteItems_UITests */,
			);
		};
/* End PBXProject section */

/* Begin PBXResourcesBuildPhase section */
		21E63A5A2EC6FFC9003CB77C /* Resources */ = {
			isa = PBXResourcesBuildPhase;
			buildActionMask = 2147483647;
			files = (
				21E63A692EC6FFCB003CB77C /* Assets.xcassets in Resources */,
				21E63A6C2EC6FFCB003CB77C /* Base in Resources */,
				21E63A672EC6FFC9003CB77C /* Base in Resources */,
			);
			runOnlyForDeploymentPostprocessing = 0;
		};
		21E63A702EC6FFCB003CB77C /* Resources */ = {
			isa = PBXResourcesBuildPhase;
			buildActionMask = 2147483647;
			files = (
			);
			runOnlyForDeploymentPostprocessing = 0;
		};
		21E63A7A2EC6FFCB003CB77C /* Resources */ = {
			isa = PBXResourcesBuildPhase;
			buildActionMask = 2147483647;
			files = (
			);
			runOnlyForDeploymentPostprocessing = 0;
		};
/* End PBXResourcesBuildPhase section */

/* Begin PBXSourcesBuildPhase section */
		21E63A582EC6FFC9003CB77C /* Sources */ = {
			isa = PBXSourcesBuildPhase;
			buildActionMask = 2147483647;
			files = (
				21E63A642EC6FFC9003CB77C /* ViewController.swift in Sources */,
				21E63A602EC6FFC9003CB77C /* AppDelegate.swift in Sources */,
				21E63A902EC6FFFC003CB77C /* MediaTableViewCell.swift in Sources */,
				21E63A622EC6FFC9003CB77C /* SceneDelegate.swift in Sources */,
			);
			runOnlyForDeploymentPostprocessing = 0;
		};
		21E63A6E2EC6FFCB003CB77C /* Sources */ = {
			isa = PBXSourcesBuildPhase;
			buildActionMask = 2147483647;
			files = (
				21E63A772EC6FFCB003CB77C /* FavoriteItems_Tests.swift in Sources */,
			);
			runOnlyForDeploymentPostprocessing = 0;
		};
		21E63A782EC6FFCB003CB77C /* Sources */ = {
			isa = PBXSourcesBuildPhase;
			buildActionMask = 2147483647;
			files = (
				21E63A812EC6FFCB003CB77C /* FavoriteItems_UITests.swift in Sources */,
				21E63A832EC6FFCB003CB77C /* FavoriteItems_UITestsLaunchTests.swift in Sources */,
			);
			runOnlyForDeploymentPostprocessing = 0;
		};
/* End PBXSourcesBuildPhase section */

/* Begin PBXTargetDependency section */
		21E63A742EC6FFCB003CB77C /* PBXTargetDependency */ = {
			isa = PBXTargetDependency;
			target = 21E63A5B2EC6FFC9003CB77C /* FavoriteItems_ */;
			targetProxy = 21E63A732EC6FFCB003CB77C /* PBXContainerItemProxy */;
		};
		21E63A7E2EC6FFCB003CB77C /* PBXTargetDependency */ = {
			isa = PBXTargetDependency;
			target = 21E63A5B2EC6FFC9003CB77C /* FavoriteItems_ */;
			targetProxy = 21E63A7D2EC6FFCB003CB77C /* PBXContainerItemProxy */;
		};
/* End PBXTargetDependency section */

/* Begin PBXVariantGroup section */
		21E63A652EC6FFC9003CB77C /* Main.storyboard */ = {
			isa = PBXVariantGroup;
			children = (
				21E63A662EC6FFC9003CB77C /* Base */,
			);
			name = Main.storyboard;
			sourceTree = "<group>";
		};
		21E63A6A2EC6FFCB003CB77C /* LaunchScreen.storyboard */ = {
			isa = PBXVariantGroup;
			children = (
				21E63A6B2EC6FFCB003CB77C /* Base */,
			);
			name = LaunchScreen.storyboard;
			sourceTree = "<group>";
		};
/* End PBXVariantGroup section */

/* Begin XCBuildConfiguration section */
		21E63A842EC6FFCB003CB77C /* Debug */ = {
			isa = XCBuildConfiguration;
			buildSettings = {
				ALWAYS_SEARCH_USER_PATHS = NO;
				ASSETCATALOG_COMPILER_GENERATE_SWIFT_ASSET_SYMBOL_EXTENSIONS = YES;
				CLANG_ANALYZER_NONNULL = YES;
				CLANG_ANALYZER_NUMBER_OBJECT_CONVERSION = YES_AGGRESSIVE;
				CLANG_CXX_LANGUAGE_STANDARD = "gnu++20";
				CLANG_ENABLE_MODULES = YES;
				CLANG_ENABLE_OBJC_ARC = YES;
				CLANG_ENABLE_OBJC_WEAK = YES;
				CLANG_WARN_BLOCK_CAPTURE_AUTORELEASING = YES;
				CLANG_WARN_BOOL_CONVERSION = YES;
				CLANG_WARN_COMMA = YES;
				CLANG_WARN_CONSTANT_CONVERSION = YES;
				CLANG_WARN_DEPRECATED_OBJC_IMPLEMENTATIONS = YES;
				CLANG_WARN_DIRECT_OBJC_ISA_USAGE = YES_ERROR;
				CLANG_WARN_DOCUMENTATION_COMMENTS = YES;
				CLANG_WARN_EMPTY_BODY = YES;
				CLANG_WARN_ENUM_CONVERSION = YES;
				CLANG_WARN_INFINITE_RECURSION = YES;
				CLANG_WARN_INT_CONVERSION = YES;
				CLANG_WARN_NON_LITERAL_NULL_CONVERSION = YES;
				CLANG_WARN_OBJC_IMPLICIT_RETAIN_SELF = YES;
				CLANG_WARN_OBJC_LITERAL_CONVERSION = YES;
				CLANG_WARN_OBJC_ROOT_CLASS = YES_ERROR;
				CLANG_WARN_QUOTED_INCLUDE_IN_FRAMEWORK_HEADER = YES;
				CLANG_WARN_RANGE_LOOP_ANALYSIS = YES;
				CLANG_WARN_STRICT_PROTOTYPES = YES;
				CLANG_WARN_SUSPICIOUS_MOVE = YES;
				CLANG_WARN_UNGUARDED_AVAILABILITY = YES_AGGRESSIVE;
				CLANG_WARN_UNREACHABLE_CODE = YES;
				CLANG_WARN__DUPLICATE_METHOD_MATCH = YES;
				COPY_PHASE_STRIP = NO;
				DEBUG_INFORMATION_FORMAT = dwarf;
				ENABLE_STRICT_OBJC_MSGSEND = YES;
				ENABLE_TESTABILITY = YES;
				ENABLE_USER_SCRIPT_SANDBOXING = YES;
				GCC_C_LANGUAGE_STANDARD = gnu17;
				GCC_DYNAMIC_NO_PIC = NO;
				GCC_NO_COMMON_BLOCKS = YES;
				GCC_OPTIMIZATION_LEVEL = 0;
				GCC_PREPROCESSOR_DEFINITIONS = (
					"DEBUG=1",
					"$(inherited)",
				);
				GCC_WARN_64_TO_32_BIT_CONVERSION = YES;
				GCC_WARN_ABOUT_RETURN_TYPE = YES_ERROR;
				GCC_WARN_UNDECLARED_SELECTOR = YES;
				GCC_WARN_UNINITIALIZED_AUTOS = YES_AGGRESSIVE;
				GCC_WARN_UNUSED_FUNCTION = YES;
				GCC_WARN_UNUSED_VARIABLE = YES;
				IPHONEOS_DEPLOYMENT_TARGET = 17.5;
				LOCALIZATION_PREFERS_STRING_CATALOGS = YES;
				MTL_ENABLE_DEBUG_INFO = INCLUDE_SOURCE;
				MTL_FAST_MATH = YES;
				ONLY_ACTIVE_ARCH = YES;
				SDKROOT = iphoneos;
				SWIFT_ACTIVE_COMPILATION_CONDITIONS = "DEBUG $(inherited)";
				SWIFT_OPTIMIZATION_LEVEL = "-Onone";
			};
			name = Debug;
		};
		21E63A852EC6FFCB003CB77C /* Release */ = {
			isa = XCBuildConfiguration;
			buildSettings = {
				ALWAYS_SEARCH_USER_PATHS = NO;
				ASSETCATALOG_COMPILER_GENERATE_SWIFT_ASSET_SYMBOL_EXTENSIONS = YES;
				CLANG_ANALYZER_NONNULL = YES;
				CLANG_ANALYZER_NUMBER_OBJECT_CONVERSION = YES_AGGRESSIVE;
				CLANG_CXX_LANGUAGE_STANDARD = "gnu++20";
				CLANG_ENABLE_MODULES = YES;
				CLANG_ENABLE_OBJC_ARC = YES;
				CLANG_ENABLE_OBJC_WEAK = YES;
				CLANG_WARN_BLOCK_CAPTURE_AUTORELEASING = YES;
				CLANG_WARN_BOOL_CONVERSION = YES;
				CLANG_WARN_COMMA = YES;
				CLANG_WARN_CONSTANT_CONVERSION = YES;
				CLANG_WARN_DEPRECATED_OBJC_IMPLEMENTATIONS = YES;
				CLANG_WARN_DIRECT_OBJC_ISA_USAGE = YES_ERROR;
				CLANG_WARN_DOCUMENTATION_COMMENTS = YES;
				CLANG_WARN_EMPTY_BODY = YES;
				CLANG_WARN_ENUM_CONVERSION = YES;
				CLANG_WARN_INFINITE_RECURSION = YES;
				CLANG_WARN_INT_CONVERSION = YES;
				CLANG_WARN_NON_LITERAL_NULL_CONVERSION = YES;
				CLANG_WARN_OBJC_IMPLICIT_RETAIN_SELF = YES;
				CLANG_WARN_OBJC_LITERAL_CONVERSION = YES;
				CLANG_WARN_OBJC_ROOT_CLASS = YES_ERROR;
				CLANG_WARN_QUOTED_INCLUDE_IN_FRAMEWORK_HEADER = YES;
				CLANG_WARN_RANGE_LOOP_ANALYSIS = YES;
				CLANG_WARN_STRICT_PROTOTYPES = YES;
				CLANG_WARN_SUSPICIOUS_MOVE = YES;
				CLANG_WARN_UNGUARDED_AVAILABILITY = YES_AGGRESSIVE;
				CLANG_WARN_UNREACHABLE_CODE = YES;
				CLANG_WARN__DUPLICATE_METHOD_MATCH = YES;
				COPY_PHASE_STRIP = NO;
				DEBUG_INFORMATION_FORMAT = "dwarf-with-dsym";
				ENABLE_NS_ASSERTIONS = NO;
				ENABLE_STRICT_OBJC_MSGSEND = YES;
				ENABLE_USER_SCRIPT_SANDBOXING = YES;
				GCC_C_LANGUAGE_STANDARD = gnu17;
				GCC_NO_COMMON_BLOCKS = YES;
				GCC_WARN_64_TO_32_BIT_CONVERSION = YES;
				GCC_WARN_ABOUT_RETURN_TYPE = YES_ERROR;
				GCC_WARN_UNDECLARED_SELECTOR = YES;
				GCC_WARN_UNINITIALIZED_AUTOS = YES_AGGRESSIVE;
				GCC_WARN_UNUSED_FUNCTION = YES;
				GCC_WARN_UNUSED_VARIABLE = YES;
				IPHONEOS_DEPLOYMENT_TARGET = 17.5;
				LOCALIZATION_PREFERS_STRING_CATALOGS = YES;
				MTL_ENABLE_DEBUG_INFO = NO;
				MTL_FAST_MATH = YES;
				SDKROOT = iphoneos;
				SWIFT_COMPILATION_MODE = wholemodule;
				VALIDATE_PRODUCT = YES;
			};
			name = Release;
		};
		21E63A872EC6FFCB003CB77C /* Debug */ = {
			isa = XCBuildConfiguration;
			buildSettings = {
				ASSETCATALOG_COMPILER_APPICON_NAME = AppIcon;
				ASSETCATALOG_COMPILER_GLOBAL_ACCENT_COLOR_NAME = AccentColor;
				CODE_SIGN_STYLE = Automatic;
				CURRENT_PROJECT_VERSION = 1;
				GENERATE_INFOPLIST_FILE = YES;
				INFOPLIST_FILE = FavoriteItems_/Info.plist;
				INFOPLIST_KEY_UIApplicationSupportsIndirectInputEvents = YES;
				INFOPLIST_KEY_UILaunchStoryboardName = LaunchScreen;
				INFOPLIST_KEY_UIMainStoryboardFile = Main;
				INFOPLIST_KEY_UISupportedInterfaceOrientations_iPad = "UIInterfaceOrientationPortrait UIInterfaceOrientationPortraitUpsideDown UIInterfaceOrientationLandscapeLeft UIInterfaceOrientationLandscapeRight";
				INFOPLIST_KEY_UISupportedInterfaceOrientations_iPhone = "UIInterfaceOrientationPortrait UIInterfaceOrientationLandscapeLeft UIInterfaceOrientationLandscapeRight";
				LD_RUNPATH_SEARCH_PATHS = (
					"$(inherited)",
					"@executable_path/Frameworks",
				);
				MARKETING_VERSION = 1.0;
				PRODUCT_BUNDLE_IDENTIFIER = "Aiya.FavoriteItems-";
				PRODUCT_NAME = "$(TARGET_NAME)";
				SWIFT_EMIT_LOC_STRINGS = YES;
				SWIFT_VERSION = 5.0;
				TARGETED_DEVICE_FAMILY = "1,2";
			};
			name = Debug;
		};
		21E63A882EC6FFCB003CB77C /* Release */ = {
			isa = XCBuildConfiguration;
			buildSettings = {
				ASSETCATALOG_COMPILER_APPICON_NAME = AppIcon;
				ASSETCATALOG_COMPILER_GLOBAL_ACCENT_COLOR_NAME = AccentColor;
				CODE_SIGN_STYLE = Automatic;
				CURRENT_PROJECT_VERSION = 1;
				GENERATE_INFOPLIST_FILE = YES;
				INFOPLIST_FILE = FavoriteItems_/Info.plist;
				INFOPLIST_KEY_UIApplicationSupportsIndirectInputEvents = YES;
				INFOPLIST_KEY_UILaunchStoryboardName = LaunchScreen;
				INFOPLIST_KEY_UIMainStoryboardFile = Main;
				INFOPLIST_KEY_UISupportedInterfaceOrientations_iPad = "UIInterfaceOrientationPortrait UIInterfaceOrientationPortraitUpsideDown UIInterfaceOrientationLandscapeLeft UIInterfaceOrientationLandscapeRight";
				INFOPLIST_KEY_UISupportedInterfaceOrientations_iPhone = "UIInterfaceOrientationPortrait UIInterfaceOrientationLandscapeLeft UIInterfaceOrientationLandscapeRight";
				LD_RUNPATH_SEARCH_PATHS = (
					"$(inherited)",
					"@executable_path/Frameworks",
				);
				MARKETING_VERSION = 1.0;
				PRODUCT_BUNDLE_IDENTIFIER = "Aiya.FavoriteItems-";
				PRODUCT_NAME = "$(TARGET_NAME)";
				SWIFT_EMIT_LOC_STRINGS = YES;
				SWIFT_VERSION = 5.0;
				TARGETED_DEVICE_FAMILY = "1,2";
			};
			name = Release;
		};
		21E63A8A2EC6FFCB003CB77C /* Debug */ = {
			isa = XCBuildConfiguration;
			buildSettings = {
				ALWAYS_EMBED_SWIFT_STANDARD_LIBRARIES = YES;
				BUNDLE_LOADER = "$(TEST_HOST)";
				CODE_SIGN_STYLE = Automatic;
				CURRENT_PROJECT_VERSION = 1;
				GENERATE_INFOPLIST_FILE = YES;
				IPHONEOS_DEPLOYMENT_TARGET = 17.5;
				MARKETING_VERSION = 1.0;
				PRODUCT_BUNDLE_IDENTIFIER = "Aiya.FavoriteItems-Tests";
				PRODUCT_NAME = "$(TARGET_NAME)";
				SWIFT_EMIT_LOC_STRINGS = NO;
				SWIFT_VERSION = 5.0;
				TARGETED_DEVICE_FAMILY = "1,2";
				TEST_HOST = "$(BUILT_PRODUCTS_DIR)/FavoriteItems_.app/$(BUNDLE_EXECUTABLE_FOLDER_PATH)/FavoriteItems_";
			};
			name = Debug;
		};
		21E63A8B2EC6FFCB003CB77C /* Release */ = {
			isa = XCBuildConfiguration;
			buildSettings = {
				ALWAYS_EMBED_SWIFT_STANDARD_LIBRARIES = YES;
				BUNDLE_LOADER = "$(TEST_HOST)";
				CODE_SIGN_STYLE = Automatic;
				CURRENT_PROJECT_VERSION = 1;
				GENERATE_INFOPLIST_FILE = YES;
				IPHONEOS_DEPLOYMENT_TARGET = 17.5;
				MARKETING_VERSION = 1.0;
				PRODUCT_BUNDLE_IDENTIFIER = "Aiya.FavoriteItems-Tests";
				PRODUCT_NAME = "$(TARGET_NAME)";
				SWIFT_EMIT_LOC_STRINGS = NO;
				SWIFT_VERSION = 5.0;
				TARGETED_DEVICE_FAMILY = "1,2";
				TEST_HOST = "$(BUILT_PRODUCTS_DIR)/FavoriteItems_.app/$(BUNDLE_EXECUTABLE_FOLDER_PATH)/FavoriteItems_";
			};
			name = Release;
		};
		21E63A8D2EC6FFCB003CB77C /* Debug */ = {
			isa = XCBuildConfiguration;
			buildSettings = {
				ALWAYS_EMBED_SWIFT_STANDARD_LIBRARIES = YES;
				CODE_SIGN_STYLE = Automatic;
				CURRENT_PROJECT_VERSION = 1;
				GENERATE_INFOPLIST_FILE = YES;
				MARKETING_VERSION = 1.0;
				PRODUCT_BUNDLE_IDENTIFIER = "Aiya.FavoriteItems-UITests";
				PRODUCT_NAME = "$(TARGET_NAME)";
				SWIFT_EMIT_LOC_STRINGS = NO;
				SWIFT_VERSION = 5.0;
				TARGETED_DEVICE_FAMILY = "1,2";
				TEST_TARGET_NAME = FavoriteItems_;
			};
			name = Debug;
		};
		21E63A8E2EC6FFCB003CB77C /* Release */ = {
			isa = XCBuildConfiguration;
			buildSettings = {
				ALWAYS_EMBED_SWIFT_STANDARD_LIBRARIES = YES;
				CODE_SIGN_STYLE = Automatic;
				CURRENT_PROJECT_VERSION = 1;
				GENERATE_INFOPLIST_FILE = YES;
				MARKETING_VERSION = 1.0;
				PRODUCT_BUNDLE_IDENTIFIER = "Aiya.FavoriteItems-UITests";
				PRODUCT_NAME = "$(TARGET_NAME)";
				SWIFT_EMIT_LOC_STRINGS = NO;
				SWIFT_VERSION = 5.0;
				TARGETED_DEVICE_FAMILY = "1,2";
				TEST_TARGET_NAME = FavoriteItems_;
			};
			name = Release;
		};
/* End XCBuildConfiguration section */

/* Begin XCConfigurationList section */
		21E63A572EC6FFC9003CB77C /* Build configuration list for PBXProject "FavoriteItems_" */ = {
			isa = XCConfigurationList;
			buildConfigurations = (
				21E63A842EC6FFCB003CB77C /* Debug */,
				21E63A852EC6FFCB003CB77C /* Release */,
			);
			defaultConfigurationIsVisible = 0;
			defaultConfigurationName = Release;
		};
		21E63A862EC6FFCB003CB77C /* Build configuration list for PBXNativeTarget "FavoriteItems_" */ = {
			isa = XCConfigurationList;
			buildConfigurations = (
				21E63A872EC6FFCB003CB77C /* Debug */,
				21E63A882EC6FFCB003CB77C /* Release */,
			);
			defaultConfigurationIsVisible = 0;
			defaultConfigurationName = Release;
		};
		21E63A892EC6FFCB003CB77C /* Build configuration list for PBXNativeTarget "FavoriteItems_Tests" */ = {
			isa = XCConfigurationList;
			buildConfigurations = (
				21E63A8A2EC6FFCB003CB77C /* Debug */,
				21E63A8B2EC6FFCB003CB77C /* Release */,
			);
			defaultConfigurationIsVisible = 0;
			defaultConfigurationName = Release;
		};
		21E63A8C2EC6FFCB003CB77C /* Build configuration list for PBXNativeTarget "FavoriteItems_UITests" */ = {
			isa = XCConfigurationList;
			buildConfigurations = (
				21E63A8D2EC6FFCB003CB77C /* Debug */,
				21E63A8E2EC6FFCB003CB77C /* Release */,
			);
			defaultConfigurationIsVisible = 0;
			defaultConfigurationName = Release;
		};
/* End XCConfigurationList section */
	};
	rootObject = 21E63A542EC6FFC9003CB77C /* Project object */;
}
